// !$*UTF8*$!
{
	archiveVersion = 1;
	classes = {
	};
	objectVersion = 46;
	objects = {

/* Begin PBXBuildFile section */
		6A1310BB1EB08E1A004B56C0 /* ScoreTableViewCell.swift in Sources */ = {isa = PBXBuildFile; fileRef = 6A1310BA1EB08E1A004B56C0 /* ScoreTableViewCell.swift */; };
		6A1310BD1EB08E39004B56C0 /* ScoreTableViewController.swift in Sources */ = {isa = PBXBuildFile; fileRef = 6A1310BC1EB08E39004B56C0 /* ScoreTableViewController.swift */; };
		6ABF65431EAA1CCA007775FF /* AppDelegate.swift in Sources */ = {isa = PBXBuildFile; fileRef = 6ABF65421EAA1CCA007775FF /* AppDelegate.swift */; };
		6ABF65451EAA1CCA007775FF /* ViewController.swift in Sources */ = {isa = PBXBuildFile; fileRef = 6ABF65441EAA1CCA007775FF /* ViewController.swift */; };
		6ABF65481EAA1CCA007775FF /* Main.storyboard in Resources */ = {isa = PBXBuildFile; fileRef = 6ABF65461EAA1CCA007775FF /* Main.storyboard */; };
		6ABF654B1EAA1CCA007775FF /* iosProject.xcdatamodeld in Sources */ = {isa = PBXBuildFile; fileRef = 6ABF65491EAA1CCA007775FF /* iosProject.xcdatamodeld */; };
		6ABF654D1EAA1CCA007775FF /* Assets.xcassets in Resources */ = {isa = PBXBuildFile; fileRef = 6ABF654C1EAA1CCA007775FF /* Assets.xcassets */; };
		6ABF65501EAA1CCA007775FF /* LaunchScreen.storyboard in Resources */ = {isa = PBXBuildFile; fileRef = 6ABF654E1EAA1CCA007775FF /* LaunchScreen.storyboard */; };
		6ABF655B1EAA1CCA007775FF /* iosProjectTests.swift in Sources */ = {isa = PBXBuildFile; fileRef = 6ABF655A1EAA1CCA007775FF /* iosProjectTests.swift */; };
		6ABF65661EAA2AC7007775FF /* ChooseViewController.swift in Sources */ = {isa = PBXBuildFile; fileRef = 6ABF65651EAA2AC7007775FF /* ChooseViewController.swift */; };
		6ABF65681EAA32CF007775FF /* TicTacToeViewController.swift in Sources */ = {isa = PBXBuildFile; fileRef = 6ABF65671EAA32CF007775FF /* TicTacToeViewController.swift */; };
		6ABF656A1EAA3334007775FF /* TTTImageView.swift in Sources */ = {isa = PBXBuildFile; fileRef = 6ABF65691EAA3334007775FF /* TTTImageView.swift */; };
		6ABF656C1EAA335B007775FF /* MPCHandler.swift in Sources */ = {isa = PBXBuildFile; fileRef = 6ABF656B1EAA335B007775FF /* MPCHandler.swift */; };
		6ABF656E1EAA55E4007775FF /* DatabaseController.swift in Sources */ = {isa = PBXBuildFile; fileRef = 6ABF656D1EAA55E4007775FF /* DatabaseController.swift */; };
		6ABF65791EAA6725007775FF /* NewUserViewController.swift in Sources */ = {isa = PBXBuildFile; fileRef = 6ABF65781EAA6725007775FF /* NewUserViewController.swift */; };
		6ABF657B1EACD9EB007775FF /* LoginViewController.swift in Sources */ = {isa = PBXBuildFile; fileRef = 6ABF657A1EACD9EB007775FF /* LoginViewController.swift */; };
		6ABF657D1EACF15E007775FF /* RSPViewController.swift in Sources */ = {isa = PBXBuildFile; fileRef = 6ABF657C1EACF15E007775FF /* RSPViewController.swift */; };
		6ABF65941EACFC26007775FF /* User+CoreDataClass.swift in Sources */ = {isa = PBXBuildFile; fileRef = 6ABF65901EACFC26007775FF /* User+CoreDataClass.swift */; };
		6ABF65951EACFC26007775FF /* User+CoreDataProperties.swift in Sources */ = {isa = PBXBuildFile; fileRef = 6ABF65911EACFC26007775FF /* User+CoreDataProperties.swift */; };
		6ABF65961EACFC26007775FF /* Score+CoreDataClass.swift in Sources */ = {isa = PBXBuildFile; fileRef = 6ABF65921EACFC26007775FF /* Score+CoreDataClass.swift */; };
		6ABF65971EACFC26007775FF /* Score+CoreDataProperties.swift in Sources */ = {isa = PBXBuildFile; fileRef = 6ABF65931EACFC26007775FF /* Score+CoreDataProperties.swift */; };
/* End PBXBuildFile section */

/* Begin PBXContainerItemProxy section */
		6ABF65571EAA1CCA007775FF /* PBXContainerItemProxy */ = {
			isa = PBXContainerItemProxy;
			containerPortal = 6ABF65371EAA1CCA007775FF /* Project object */;
			proxyType = 1;
			remoteGlobalIDString = 6ABF653E1EAA1CCA007775FF;
			remoteInfo = iosProject;
		};
/* End PBXContainerItemProxy section */

/* Begin PBXFileReference section */
		6A1310BA1EB08E1A004B56C0 /* ScoreTableViewCell.swift */ = {isa = PBXFileReference; fileEncoding = 4; lastKnownFileType = sourcecode.swift; path = ScoreTableViewCell.swift; sourceTree = "<group>"; };
		6A1310BC1EB08E39004B56C0 /* ScoreTableViewController.swift */ = {isa = PBXFileReference; fileEncoding = 4; lastKnownFileType = sourcecode.swift; path = ScoreTableViewController.swift; sourceTree = "<group>"; };
		6ABF653F1EAA1CCA007775FF /* iosProject.app */ = {isa = PBXFileReference; explicitFileType = wrapper.application; includeInIndex = 0; path = iosProject.app; sourceTree = BUILT_PRODUCTS_DIR; };
		6ABF65421EAA1CCA007775FF /* AppDelegate.swift */ = {isa = PBXFileReference; lastKnownFileType = sourcecode.swift; path = AppDelegate.swift; sourceTree = "<group>"; };
		6ABF65441EAA1CCA007775FF /* ViewController.swift */ = {isa = PBXFileReference; lastKnownFileType = sourcecode.swift; path = ViewController.swift; sourceTree = "<group>"; };
		6ABF65471EAA1CCA007775FF /* Base */ = {isa = PBXFileReference; lastKnownFileType = file.storyboard; name = Base; path = Base.lproj/Main.storyboard; sourceTree = "<group>"; };
		6ABF654A1EAA1CCA007775FF /* iosProject.xcdatamodel */ = {isa = PBXFileReference; lastKnownFileType = wrapper.xcdatamodel; path = iosProject.xcdatamodel; sourceTree = "<group>"; };
		6ABF654C1EAA1CCA007775FF /* Assets.xcassets */ = {isa = PBXFileReference; lastKnownFileType = folder.assetcatalog; path = Assets.xcassets; sourceTree = "<group>"; };
		6ABF654F1EAA1CCA007775FF /* Base */ = {isa = PBXFileReference; lastKnownFileType = file.storyboard; name = Base; path = Base.lproj/LaunchScreen.storyboard; sourceTree = "<group>"; };
		6ABF65511EAA1CCA007775FF /* Info.plist */ = {isa = PBXFileReference; lastKnownFileType = text.plist.xml; path = Info.plist; sourceTree = "<group>"; };
		6ABF65561EAA1CCA007775FF /* iosProjectTests.xctest */ = {isa = PBXFileReference; explicitFileType = wrapper.cfbundle; includeInIndex = 0; path = iosProjectTests.xctest; sourceTree = BUILT_PRODUCTS_DIR; };
		6ABF655A1EAA1CCA007775FF /* iosProjectTests.swift */ = {isa = PBXFileReference; lastKnownFileType = sourcecode.swift; path = iosProjectTests.swift; sourceTree = "<group>"; };
		6ABF655C1EAA1CCA007775FF /* Info.plist */ = {isa = PBXFileReference; lastKnownFileType = text.plist.xml; path = Info.plist; sourceTree = "<group>"; };
		6ABF65651EAA2AC7007775FF /* ChooseViewController.swift */ = {isa = PBXFileReference; fileEncoding = 4; lastKnownFileType = sourcecode.swift; path = ChooseViewController.swift; sourceTree = "<group>"; };
		6ABF65671EAA32CF007775FF /* TicTacToeViewController.swift */ = {isa = PBXFileReference; fileEncoding = 4; lastKnownFileType = sourcecode.swift; path = TicTacToeViewController.swift; sourceTree = "<group>"; };
		6ABF65691EAA3334007775FF /* TTTImageView.swift */ = {isa = PBXFileReference; fileEncoding = 4; lastKnownFileType = sourcecode.swift; path = TTTImageView.swift; sourceTree = "<group>"; };
		6ABF656B1EAA335B007775FF /* MPCHandler.swift */ = {isa = PBXFileReference; fileEncoding = 4; lastKnownFileType = sourcecode.swift; path = MPCHandler.swift; sourceTree = "<group>"; };
		6ABF656D1EAA55E4007775FF /* DatabaseController.swift */ = {isa = PBXFileReference; fileEncoding = 4; lastKnownFileType = sourcecode.swift; path = DatabaseController.swift; sourceTree = "<group>"; };
		6ABF65781EAA6725007775FF /* NewUserViewController.swift */ = {isa = PBXFileReference; fileEncoding = 4; lastKnownFileType = sourcecode.swift; path = NewUserViewController.swift; sourceTree = "<group>"; };
		6ABF657A1EACD9EB007775FF /* LoginViewController.swift */ = {isa = PBXFileReference; fileEncoding = 4; lastKnownFileType = sourcecode.swift; path = LoginViewController.swift; sourceTree = "<group>"; };
		6ABF657C1EACF15E007775FF /* RSPViewController.swift */ = {isa = PBXFileReference; fileEncoding = 4; lastKnownFileType = sourcecode.swift; path = RSPViewController.swift; sourceTree = "<group>"; };
		6ABF65901EACFC26007775FF /* User+CoreDataClass.swift */ = {isa = PBXFileReference; fileEncoding = 4; lastKnownFileType = sourcecode.swift; name = "User+CoreDataClass.swift"; path = "../User+CoreDataClass.swift"; sourceTree = "<group>"; };
		6ABF65911EACFC26007775FF /* User+CoreDataProperties.swift */ = {isa = PBXFileReference; fileEncoding = 4; lastKnownFileType = sourcecode.swift; name = "User+CoreDataProperties.swift"; path = "../User+CoreDataProperties.swift"; sourceTree = "<group>"; };
		6ABF65921EACFC26007775FF /* Score+CoreDataClass.swift */ = {isa = PBXFileReference; fileEncoding = 4; lastKnownFileType = sourcecode.swift; name = "Score+CoreDataClass.swift"; path = "../Score+CoreDataClass.swift"; sourceTree = "<group>"; };
		6ABF65931EACFC26007775FF /* Score+CoreDataProperties.swift */ = {isa = PBXFileReference; fileEncoding = 4; lastKnownFileType = sourcecode.swift; name = "Score+CoreDataProperties.swift"; path = "../Score+CoreDataProperties.swift"; sourceTree = "<group>"; };
/* End PBXFileReference section */

/* Begin PBXFrameworksBuildPhase section */
		6ABF653C1EAA1CCA007775FF /* Frameworks */ = {
			isa = PBXFrameworksBuildPhase;
			buildActionMask = 2147483647;
			files = (
			);
			runOnlyForDeploymentPostprocessing = 0;
		};
		6ABF65531EAA1CCA007775FF /* Frameworks */ = {
			isa = PBXFrameworksBuildPhase;
			buildActionMask = 2147483647;
			files = (
			);
			runOnlyForDeploymentPostprocessing = 0;
		};
/* End PBXFrameworksBuildPhase section */

/* Begin PBXGroup section */
		6ABF65361EAA1CCA007775FF = {
			isa = PBXGroup;
			children = (
				6ABF65411EAA1CCA007775FF /* iosProject */,
				6ABF65591EAA1CCA007775FF /* iosProjectTests */,
				6ABF65401EAA1CCA007775FF /* Products */,
			);
			sourceTree = "<group>";
		};
		6ABF65401EAA1CCA007775FF /* Products */ = {
			isa = PBXGroup;
			children = (
				6ABF653F1EAA1CCA007775FF /* iosProject.app */,
				6ABF65561EAA1CCA007775FF /* iosProjectTests.xctest */,
			);
			name = Products;
			sourceTree = "<group>";
		};
		6ABF65411EAA1CCA007775FF /* iosProject */ = {
			isa = PBXGroup;
			children = (
				6ABF65421EAA1CCA007775FF /* AppDelegate.swift */,
				6ABF656D1EAA55E4007775FF /* DatabaseController.swift */,
				6ABF65441EAA1CCA007775FF /* ViewController.swift */,
				6ABF65651EAA2AC7007775FF /* ChooseViewController.swift */,
				6ABF65671EAA32CF007775FF /* TicTacToeViewController.swift */,
				6ABF657A1EACD9EB007775FF /* LoginViewController.swift */,
				6A1310BA1EB08E1A004B56C0 /* ScoreTableViewCell.swift */,
				6A1310BC1EB08E39004B56C0 /* ScoreTableViewController.swift */,
				6ABF65691EAA3334007775FF /* TTTImageView.swift */,
				6ABF657C1EACF15E007775FF /* RSPViewController.swift */,
				6ABF65781EAA6725007775FF /* NewUserViewController.swift */,
				6ABF656B1EAA335B007775FF /* MPCHandler.swift */,
				6ABF65981EACFC35007775FF /* Models */,
				6ABF65461EAA1CCA007775FF /* Main.storyboard */,
				6ABF654C1EAA1CCA007775FF /* Assets.xcassets */,
				6ABF654E1EAA1CCA007775FF /* LaunchScreen.storyboard */,
				6ABF65511EAA1CCA007775FF /* Info.plist */,
				6ABF65491EAA1CCA007775FF /* iosProject.xcdatamodeld */,
			);
			path = iosProject;
			sourceTree = "<group>";
		};
		6ABF65591EAA1CCA007775FF /* iosProjectTests */ = {
			isa = PBXGroup;
			children = (
				6ABF655A1EAA1CCA007775FF /* iosProjectTests.swift */,
				6ABF655C1EAA1CCA007775FF /* Info.plist */,
			);
			path = iosProjectTests;
			sourceTree = "<group>";
		};
		6ABF65981EACFC35007775FF /* Models */ = {
			isa = PBXGroup;
			children = (
				6ABF65901EACFC26007775FF /* User+CoreDataClass.swift */,
				6ABF65911EACFC26007775FF /* User+CoreDataProperties.swift */,
				6ABF65921EACFC26007775FF /* Score+CoreDataClass.swift */,
				6ABF65931EACFC26007775FF /* Score+CoreDataProperties.swift */,
			);
			name = Models;
			sourceTree = "<group>";
		};
/* End PBXGroup section */

/* Begin PBXNativeTarget section */
		6ABF653E1EAA1CCA007775FF /* iosProject */ = {
			isa = PBXNativeTarget;
			buildConfigurationList = 6ABF655F1EAA1CCA007775FF /* Build configuration list for PBXNativeTarget "iosProject" */;
			buildPhases = (
				6ABF653B1EAA1CCA007775FF /* Sources */,
				6ABF653C1EAA1CCA007775FF /* Frameworks */,
				6ABF653D1EAA1CCA007775FF /* Resources */,
			);
			buildRules = (
			);
			dependencies = (
			);
			name = iosProject;
			productName = iosProject;
			productReference = 6ABF653F1EAA1CCA007775FF /* iosProject.app */;
			productType = "com.apple.product-type.application";
		};
		6ABF65551EAA1CCA007775FF /* iosProjectTests */ = {
			isa = PBXNativeTarget;
			buildConfigurationList = 6ABF65621EAA1CCA007775FF /* Build configuration list for PBXNativeTarget "iosProjectTests" */;
			buildPhases = (
				6ABF65521EAA1CCA007775FF /* Sources */,
				6ABF65531EAA1CCA007775FF /* Frameworks */,
				6ABF65541EAA1CCA007775FF /* Resources */,
			);
			buildRules = (
			);
			dependencies = (
				6ABF65581EAA1CCA007775FF /* PBXTargetDependency */,
			);
			name = iosProjectTests;
			productName = iosProjectTests;
			productReference = 6ABF65561EAA1CCA007775FF /* iosProjectTests.xctest */;
			productType = "com.apple.product-type.bundle.unit-test";
		};
/* End PBXNativeTarget section */

/* Begin PBXProject section */
		6ABF65371EAA1CCA007775FF /* Project object */ = {
			isa = PBXProject;
			attributes = {
				LastSwiftUpdateCheck = 0810;
				LastUpgradeCheck = 0810;
				ORGANIZATIONNAME = iosdev;
				TargetAttributes = {
					6ABF653E1EAA1CCA007775FF = {
						CreatedOnToolsVersion = 8.1;
						ProvisioningStyle = Automatic;
					};
					6ABF65551EAA1CCA007775FF = {
						CreatedOnToolsVersion = 8.1;
						ProvisioningStyle = Automatic;
						TestTargetID = 6ABF653E1EAA1CCA007775FF;
					};
				};
			};
			buildConfigurationList = 6ABF653A1EAA1CCA007775FF /* Build configuration list for PBXProject "iosProject" */;
			compatibilityVersion = "Xcode 3.2";
			developmentRegion = English;
			hasScannedForEncodings = 0;
			knownRegions = (
				en,
				Base,
			);
			mainGroup = 6ABF65361EAA1CCA007775FF;
			productRefGroup = 6ABF65401EAA1CCA007775FF /* Products */;
			projectDirPath = "";
			projectRoot = "";
			targets = (
				6ABF653E1EAA1CCA007775FF /* iosProject */,
				6ABF65551EAA1CCA007775FF /* iosProjectTests */,
			);
		};
/* End PBXProject section */

/* Begin PBXResourcesBuildPhase section */
		6ABF653D1EAA1CCA007775FF /* Resources */ = {
			isa = PBXResourcesBuildPhase;
			buildActionMask = 2147483647;
			files = (
				6ABF65501EAA1CCA007775FF /* LaunchScreen.storyboard in Resources */,
				6ABF654D1EAA1CCA007775FF /* Assets.xcassets in Resources */,
				6ABF65481EAA1CCA007775FF /* Main.storyboard in Resources */,
			);
			runOnlyForDeploymentPostprocessing = 0;
		};
		6ABF65541EAA1CCA007775FF /* Resources */ = {
			isa = PBXResourcesBuildPhase;
			buildActionMask = 2147483647;
			files = (
			);
			runOnlyForDeploymentPostprocessing = 0;
		};
/* End PBXResourcesBuildPhase section */

/* Begin PBXSourcesBuildPhase section */
		6ABF653B1EAA1CCA007775FF /* Sources */ = {
			isa = PBXSourcesBuildPhase;
			buildActionMask = 2147483647;
			files = (
				6ABF657B1EACD9EB007775FF /* LoginViewController.swift in Sources */,
				6ABF65791EAA6725007775FF /* NewUserViewController.swift in Sources */,
				6A1310BB1EB08E1A004B56C0 /* ScoreTableViewCell.swift in Sources */,
				6ABF65941EACFC26007775FF /* User+CoreDataClass.swift in Sources */,
				6A1310BD1EB08E39004B56C0 /* ScoreTableViewController.swift in Sources */,
				6ABF65451EAA1CCA007775FF /* ViewController.swift in Sources */,
				6ABF65971EACFC26007775FF /* Score+CoreDataProperties.swift in Sources */,
				6ABF65961EACFC26007775FF /* Score+CoreDataClass.swift in Sources */,
				6ABF65661EAA2AC7007775FF /* ChooseViewController.swift in Sources */,
				6ABF65681EAA32CF007775FF /* TicTacToeViewController.swift in Sources */,
				6ABF654B1EAA1CCA007775FF /* iosProject.xcdatamodeld in Sources */,
				6ABF656E1EAA55E4007775FF /* DatabaseController.swift in Sources */,
				6ABF65431EAA1CCA007775FF /* AppDelegate.swift in Sources */,
				6ABF656C1EAA335B007775FF /* MPCHandler.swift in Sources */,
				6ABF65951EACFC26007775FF /* User+CoreDataProperties.swift in Sources */,
				6ABF657D1EACF15E007775FF /* RSPViewController.swift in Sources */,
				6ABF656A1EAA3334007775FF /* TTTImageView.swift in Sources */,
			);
			runOnlyForDeploymentPostprocessing = 0;
		};
		6ABF65521EAA1CCA007775FF /* Sources */ = {
			isa = PBXSourcesBuildPhase;
			buildActionMask = 2147483647;
			files = (
				6ABF655B1EAA1CCA007775FF /* iosProjectTests.swift in Sources */,
			);
			runOnlyForDeploymentPostprocessing = 0;
		};
/* End PBXSourcesBuildPhase section */

/* Begin PBXTargetDependency section */
		6ABF65581EAA1CCA007775FF /* PBXTargetDependency */ = {
			isa = PBXTargetDependency;
			target = 6ABF653E1EAA1CCA007775FF /* iosProject */;
			targetProxy = 6ABF65571EAA1CCA007775FF /* PBXContainerItemProxy */;
		};
/* End PBXTargetDependency section */

/* Begin PBXVariantGroup section */
		6ABF65461EAA1CCA007775FF /* Main.storyboard */ = {
			isa = PBXVariantGroup;
			children = (
				6ABF65471EAA1CCA007775FF /* Base */,
			);
			name = Main.storyboard;
			sourceTree = "<group>";
		};
		6ABF654E1EAA1CCA007775FF /* LaunchScreen.storyboard */ = {
			isa = PBXVariantGroup;
			children = (
				6ABF654F1EAA1CCA007775FF /* Base */,
			);
			name = LaunchScreen.storyboard;
			sourceTree = "<group>";
		};
/* End PBXVariantGroup section */

/* Begin XCBuildConfiguration section */
		6ABF655D1EAA1CCA007775FF /* Debug */ = {
			isa = XCBuildConfiguration;
			buildSettings = {
				ALWAYS_SEARCH_USER_PATHS = NO;
				CLANG_ANALYZER_NONNULL = YES;
				CLANG_CXX_LANGUAGE_STANDARD = "gnu++0x";
				CLANG_CXX_LIBRARY = "libc++";
				CLANG_ENABLE_MODULES = YES;
				CLANG_ENABLE_OBJC_ARC = YES;
				CLANG_WARN_BOOL_CONVERSION = YES;
				CLANG_WARN_CONSTANT_CONVERSION = YES;
				CLANG_WARN_DIRECT_OBJC_ISA_USAGE = YES_ERROR;
				CLANG_WARN_DOCUMENTATION_COMMENTS = YES;
				CLANG_WARN_EMPTY_BODY = YES;
				CLANG_WARN_ENUM_CONVERSION = YES;
				CLANG_WARN_INFINITE_RECURSION = YES;
				CLANG_WARN_INT_CONVERSION = YES;
				CLANG_WARN_OBJC_ROOT_CLASS = YES_ERROR;
				CLANG_WARN_SUSPICIOUS_MOVES = YES;
				CLANG_WARN_UNREACHABLE_CODE = YES;
				CLANG_WARN__DUPLICATE_METHOD_MATCH = YES;
				"CODE_SIGN_IDENTITY[sdk=iphoneos*]" = "iPhone Developer";
				COPY_PHASE_STRIP = NO;
				DEBUG_INFORMATION_FORMAT = dwarf;
				ENABLE_STRICT_OBJC_MSGSEND = YES;
				ENABLE_TESTABILITY = YES;
				GCC_C_LANGUAGE_STANDARD = gnu99;
				GCC_DYNAMIC_NO_PIC = NO;
				GCC_NO_COMMON_BLOCKS = YES;
				GCC_OPTIMIZATION_LEVEL = 0;
				GCC_PREPROCESSOR_DEFINITIONS = (
					"DEBUG=1",
					"$(inherited)",
				);
				GCC_WARN_64_TO_32_BIT_CONVERSION = YES;
				GCC_WARN_ABOUT_RETURN_TYPE = YES_ERROR;
				GCC_WARN_UNDECLARED_SELECTOR = YES;
				GCC_WARN_UNINITIALIZED_AUTOS = YES_AGGRESSIVE;
				GCC_WARN_UNUSED_FUNCTION = YES;
				GCC_WARN_UNUSED_VARIABLE = YES;
				IPHONEOS_DEPLOYMENT_TARGET = 10.1;
				MTL_ENABLE_DEBUG_INFO = YES;
				ONLY_ACTIVE_ARCH = YES;
				SDKROOT = iphoneos;
				SWIFT_ACTIVE_COMPILATION_CONDITIONS = DEBUG;
				SWIFT_OPTIMIZATION_LEVEL = "-Onone";
			};
			name = Debug;
		};
		6ABF655E1EAA1CCA007775FF /* Release */ = {
			isa = XCBuildConfiguration;
			buildSettings = {
				ALWAYS_SEARCH_USER_PATHS = NO;
				CLANG_ANALYZER_NONNULL = YES;
				CLANG_CXX_LANGUAGE_STANDARD = "gnu++0x";
				CLANG_CXX_LIBRARY = "libc++";
				CLANG_ENABLE_MODULES = YES;
				CLANG_ENABLE_OBJC_ARC = YES;
				CLANG_WARN_BOOL_CONVERSION = YES;
				CLANG_WARN_CONSTANT_CONVERSION = YES;
				CLANG_WARN_DIRECT_OBJC_ISA_USAGE = YES_ERROR;
				CLANG_WARN_DOCUMENTATION_COMMENTS = YES;
				CLANG_WARN_EMPTY_BODY = YES;
				CLANG_WARN_ENUM_CONVERSION = YES;
				CLANG_WARN_INFINITE_RECURSION = YES;
				CLANG_WARN_INT_CONVERSION = YES;
				CLANG_WARN_OBJC_ROOT_CLASS = YES_ERROR;
				CLANG_WARN_SUSPICIOUS_MOVES = YES;
				CLANG_WARN_UNREACHABLE_CODE = YES;
				CLANG_WARN__DUPLICATE_METHOD_MATCH = YES;
				"CODE_SIGN_IDENTITY[sdk=iphoneos*]" = "iPhone Developer";
				COPY_PHASE_STRIP = NO;
				DEBUG_INFORMATION_FORMAT = "dwarf-with-dsym";
				ENABLE_NS_ASSERTIONS = NO;
				ENABLE_STRICT_OBJC_MSGSEND = YES;
				GCC_C_LANGUAGE_STANDARD = gnu99;
				GCC_NO_COMMON_BLOCKS = YES;
				GCC_WARN_64_TO_32_BIT_CONVERSION = YES;
				GCC_WARN_ABOUT_RETURN_TYPE = YES_ERROR;
				GCC_WARN_UNDECLARED_SELECTOR = YES;
				GCC_WARN_UNINITIALIZED_AUTOS = YES_AGGRESSIVE;
				GCC_WARN_UNUSED_FUNCTION = YES;
				GCC_WARN_UNUSED_VARIABLE = YES;
				IPHONEOS_DEPLOYMENT_TARGET = 10.1;
				MTL_ENABLE_DEBUG_INFO = NO;
				SDKROOT = iphoneos;
				SWIFT_OPTIMIZATION_LEVEL = "-Owholemodule";
				VALIDATE_PRODUCT = YES;
			};
			name = Release;
		};
		6ABF65601EAA1CCA007775FF /* Debug */ = {
			isa = XCBuildConfiguration;
			buildSettings = {
				ASSETCATALOG_COMPILER_APPICON_NAME = AppIcon;
				INFOPLIST_FILE = iosProject/Info.plist;
				LD_RUNPATH_SEARCH_PATHS = "$(inherited) @executable_path/Frameworks";
				PRODUCT_BUNDLE_IDENTIFIER = valttepe.iosProject;
				PRODUCT_NAME = "$(TARGET_NAME)";
				SWIFT_VERSION = 3.0;
			};
			name = Debug;
		};
		6ABF65611EAA1CCA007775FF /* Release */ = {
			isa = XCBuildConfiguration;
			buildSettings = {
				ASSETCATALOG_COMPILER_APPICON_NAME = AppIcon;
				INFOPLIST_FILE = iosProject/Info.plist;
				LD_RUNPATH_SEARCH_PATHS = "$(inherited) @executable_path/Frameworks";
				PRODUCT_BUNDLE_IDENTIFIER = valttepe.iosProject;
				PRODUCT_NAME = "$(TARGET_NAME)";
				SWIFT_VERSION = 3.0;
			};
			name = Release;
		};
		6ABF65631EAA1CCA007775FF /* Debug */ = {
			isa = XCBuildConfiguration;
			buildSettings = {
				ALWAYS_EMBED_SWIFT_STANDARD_LIBRARIES = YES;
				BUNDLE_LOADER = "$(TEST_HOST)";
				INFOPLIST_FILE = iosProjectTests/Info.plist;
				LD_RUNPATH_SEARCH_PATHS = "$(inherited) @executable_path/Frameworks @loader_path/Frameworks";
				PRODUCT_BUNDLE_IDENTIFIER = valttepe.iosProjectTests;
				PRODUCT_NAME = "$(TARGET_NAME)";
				SWIFT_VERSION = 3.0;
				TEST_HOST = "$(BUILT_PRODUCTS_DIR)/iosProject.app/iosProject";
			};
			name = Debug;
		};
		6ABF65641EAA1CCA007775FF /* Release */ = {
			isa = XCBuildConfiguration;
			buildSettings = {
				ALWAYS_EMBED_SWIFT_STANDARD_LIBRARIES = YES;
				BUNDLE_LOADER = "$(TEST_HOST)";
				INFOPLIST_FILE = iosProjectTests/Info.plist;
				LD_RUNPATH_SEARCH_PATHS = "$(inherited) @executable_path/Frameworks @loader_path/Frameworks";
				PRODUCT_BUNDLE_IDENTIFIER = valttepe.iosProjectTests;
				PRODUCT_NAME = "$(TARGET_NAME)";
				SWIFT_VERSION = 3.0;
				TEST_HOST = "$(BUILT_PRODUCTS_DIR)/iosProject.app/iosProject";
			};
			name = Release;
		};
/* End XCBuildConfiguration section */

/* Begin XCConfigurationList section */
		6ABF653A1EAA1CCA007775FF /* Build configuration list for PBXProject "iosProject" */ = {
			isa = XCConfigurationList;
			buildConfigurations = (
				6ABF655D1EAA1CCA007775FF /* Debug */,
				6ABF655E1EAA1CCA007775FF /* Release */,
			);
			defaultConfigurationIsVisible = 0;
			defaultConfigurationName = Release;
		};
		6ABF655F1EAA1CCA007775FF /* Build configuration list for PBXNativeTarget "iosProject" */ = {
			isa = XCConfigurationList;
			buildConfigurations = (
				6ABF65601EAA1CCA007775FF /* Debug */,
				6ABF65611EAA1CCA007775FF /* Release */,
			);
			defaultConfigurationIsVisible = 0;
			defaultConfigurationName = Release;
		};
		6ABF65621EAA1CCA007775FF /* Build configuration list for PBXNativeTarget "iosProjectTests" */ = {
			isa = XCConfigurationList;
			buildConfigurations = (
				6ABF65631EAA1CCA007775FF /* Debug */,
				6ABF65641EAA1CCA007775FF /* Release */,
			);
			defaultConfigurationIsVisible = 0;
			defaultConfigurationName = Release;
		};
/* End XCConfigurationList section */

/* Begin XCVersionGroup section */
		6ABF65491EAA1CCA007775FF /* iosProject.xcdatamodeld */ = {
			isa = XCVersionGroup;
			children = (
				6ABF654A1EAA1CCA007775FF /* iosProject.xcdatamodel */,
			);
			currentVersion = 6ABF654A1EAA1CCA007775FF /* iosProject.xcdatamodel */;
			path = iosProject.xcdatamodeld;
			sourceTree = "<group>";
			versionGroupType = wrapper.xcdatamodel;
		};
/* End XCVersionGroup section */
	};
	rootObject = 6ABF65371EAA1CCA007775FF /* Project object */;
}
